
Microsoft Visual Studio Solution File, Format Version 12.00
# Visual Studio 14
VisualStudioVersion = 14.0.24720.0
MinimumVisualStudioVersion = 10.0.40219.1
Project("{FAE04EC0-301F-11D3-BF4B-00C04F79EFBC}") = "ArmyAntAccount_Core", "ArmyAntAccount_Core\ArmyAntAccount_Core.csproj", "{1A4D637F-841F-48C7-8E50-FB20E6783E10}"
EndProject
Project("{FAE04EC0-301F-11D3-BF4B-00C04F79EFBC}") = "ArmyAntAccount_Win32", "ArmyAntAccount_Win32\ArmyAntAccount_Win32.csproj", "{E18D5C89-BF92-4EA4-A0A1-E34085094913}"
EndProject
Project("{FAE04EC0-301F-11D3-BF4B-00C04F79EFBC}") = "ArmyAntAccount_Android", "ArmyAntAccount_Android\ArmyAntAccount_Android.csproj", "{27ADC752-FE01-4B3B-9568-43C14040CCCD}"
EndProject
Project("{FAE04EC0-301F-11D3-BF4B-00C04F79EFBC}") = "Android_QCloudOS_JavaBinding", "Android_QCloudOS_JavaBinding\Android_QCloudOS_JavaBinding.csproj", "{72A2C708-4E6C-41D6-870D-0EEFA322AF86}"
EndProject
Global
	GlobalSection(SolutionConfigurationPlatforms) = preSolution
		Debug|Any CPU = Debug|Any CPU
		Release|Any CPU = Release|Any CPU
	EndGlobalSection
	GlobalSection(ProjectConfigurationPlatforms) = postSolution
		{1A4D637F-841F-48C7-8E50-FB20E6783E10}.Debug|Any CPU.ActiveCfg = Debug|Any CPU
		{1A4D637F-841F-48C7-8E50-FB20E6783E10}.Debug|Any CPU.Build.0 = Debug|Any CPU
		{1A4D637F-841F-48C7-8E50-FB20E6783E10}.Release|Any CPU.ActiveCfg = Release|Any CPU
		{1A4D637F-841F-48C7-8E50-FB20E6783E10}.Release|Any CPU.Build.0 = Release|Any CPU
		{E18D5C89-BF92-4EA4-A0A1-E34085094913}.Debug|Any CPU.ActiveCfg = Debug|Any CPU
		{E18D5C89-BF92-4EA4-A0A1-E34085094913}.Debug|Any CPU.Build.0 = Debug|Any CPU
		{E18D5C89-BF92-4EA4-A0A1-E34085094913}.Release|Any CPU.ActiveCfg = Release|Any CPU
		{E18D5C89-BF92-4EA4-A0A1-E34085094913}.Release|Any CPU.Build.0 = Release|Any CPU
		{27ADC752-FE01-4B3B-9568-43C14040CCCD}.Debug|Any CPU.ActiveCfg = Debug|Any CPU
		{27ADC752-FE01-4B3B-9568-43C14040CCCD}.Debug|Any CPU.Build.0 = Debug|Any CPU
		{27ADC752-FE01-4B3B-9568-43C14040CCCD}.Debug|Any CPU.Deploy.0 = Debug|Any CPU
		{27ADC752-FE01-4B3B-9568-43C14040CCCD}.Release|Any CPU.ActiveCfg = Release|Any CPU
		{27ADC752-FE01-4B3B-9568-43C14040CCCD}.Release|Any CPU.Build.0 = Release|Any CPU
		{27ADC752-FE01-4B3B-9568-43C14040CCCD}.Release|Any CPU.Deploy.0 = Release|Any CPU
		{72A2C708-4E6C-41D6-870D-0EEFA322AF86}.Debug|Any CPU.ActiveCfg = Debug|Any CPU
		{72A2C708-4E6C-41D6-870D-0EEFA322AF86}.Debug|Any CPU.Build.0 = Debug|Any CPU
		{72A2C708-4E6C-41D6-870D-0EEFA322AF86}.Release|Any CPU.ActiveCfg = Release|Any CPU
		{72A2C708-4E6C-41D6-870D-0EEFA322AF86}.Release|Any CPU.Build.0 = Release|Any CPU
	EndGlobalSection
	GlobalSection(SolutionProperties) = preSolution
		HideSolutionNode = FALSE
	EndGlobalSection
EndGlobal
